
Microsoft Visual Studio Solution File, Format Version 12.00
# Visual Studio 15
VisualStudioVersion = 15.0.28307.168
MinimumVisualStudioVersion = 10.0.40219.1
Project("{FAE04EC0-301F-11D3-BF4B-00C04F79EFBC}") = "jishiqi", "jishiqi\jishiqi.csproj", "{18A0D5B0-C3F6-4BD4-BB9D-308FB2ACAB01}"
EndProject
Global
	GlobalSection(SolutionConfigurationPlatforms) = preSolution
		Debug|Any CPU = Debug|Any CPU
		Release|Any CPU = Release|Any CPU
	EndGlobalSection
	GlobalSection(ProjectConfigurationPlatforms) = postSolution
		{18A0D5B0-C3F6-4BD4-BB9D-308FB2ACAB01}.Debug|Any CPU.ActiveCfg = Debug|Any CPU
		{18A0D5B0-C3F6-4BD4-BB9D-308FB2ACAB01}.Debug|Any CPU.Build.0 = Debug|Any CPU
		{18A0D5B0-C3F6-4BD4-BB9D-308FB2ACAB01}.Release|Any CPU.ActiveCfg = Release|Any CPU
		{18A0D5B0-C3F6-4BD4-BB9D-308FB2ACAB01}.Release|Any CPU.Build.0 = Release|Any CPU
	EndGlobalSection
	GlobalSection(SolutionProperties) = preSolution
		HideSolutionNode = FALSE
	EndGlobalSection
	GlobalSection(ExtensibilityGlobals) = postSolution
		SolutionGuid = {DAB25290-73D7-4A09-B7AD-ED484C2EBC1D}
	EndGlobalSection
EndGlobal
